PODS:
  - arkit_plugin (0.0.1):
    - Flutter
    - GLTFSceneKit
  - camera_avfoundation (0.0.1):
    - Flutter
  - device_info_plus (0.0.1):
    - Flutter
  - Flutter (1.0.0)
  - fluttertoast (0.0.2):
    - Flutter
    - Toast
  - GLTFSceneKit (0.3.0)
  - google_mlkit_barcode_scanning (0.12.0):
    - Flutter
    - google_mlkit_commons
    - GoogleMLKit/BarcodeScanning (~> 6.0.0)
  - google_mlkit_commons (0.7.1):
    - Flutter
    - MLKitVision
  - google_mlkit_document_scanner (0.2.0):
    - Flutter
  - google_mlkit_image_labeling (0.12.0):
    - Flutter
    - google_mlkit_commons
    - GoogleMLKit/ImageLabeling (~> 6.0.0)
    - GoogleMLKit/ImageLabelingCustom (~> 6.0.0)
  - google_mlkit_text_recognition (0.13.0):
    - Flutter
    - google_mlkit_commons
    - GoogleMLKit/TextRecognition (~> 6.0.0)
  - GoogleDataTransport (9.4.1):
    - GoogleUtilities/Environment (~> 7.7)
    - nanopb (< 2.30911.0, >= 2.30908.0)
    - PromisesObjC (< 3.0, >= 1.2)
  - GoogleMLKit/BarcodeScanning (6.0.0):
    - GoogleMLKit/MLKitCore
    - MLKitBarcodeScanning (~> 5.0.0)
  - GoogleMLKit/ImageLabeling (6.0.0):
    - GoogleMLKit/MLKitCore
    - MLKitImageLabeling (~> 5.0.0)
  - GoogleMLKit/ImageLabelingCustom (6.0.0):
    - GoogleMLKit/MLKitCore
    - MLKitImageLabelingCustom (~> 5.0.0)
  - GoogleMLKit/MLKitCore (6.0.0):
    - MLKitCommon (~> 11.0.0)
  - GoogleMLKit/TextRecognition (6.0.0):
    - GoogleMLKit/MLKitCore
    - MLKitTextRecognition (~> 4.0.0)
  - GoogleToolboxForMac/Defines (4.2.1)
  - GoogleToolboxForMac/Logger (4.2.1):
    - GoogleToolboxForMac/Defines (= 4.2.1)
  - "GoogleToolboxForMac/NSData+zlib (4.2.1)":
    - GoogleToolboxForMac/Defines (= 4.2.1)
  - GoogleUtilities/Environment (7.13.3):
    - GoogleUtilities/Privacy
    - PromisesObjC (< 3.0, >= 1.2)
  - GoogleUtilities/Logger (7.13.3):
    - GoogleUtilities/Environment
    - GoogleUtilities/Privacy
  - GoogleUtilities/Privacy (7.13.3)
  - GoogleUtilities/UserDefaults (7.13.3):
    - GoogleUtilities/Logger
    - GoogleUtilities/Privacy
  - GoogleUtilitiesComponents (1.1.0):
    - GoogleUtilities/Logger
  - GTMSessionFetcher/Core (3.4.1)
  - image_cropper (0.0.4):
    - Flutter
    - TOCropViewController (~> 2.7.3)
  - image_picker_ios (0.0.1):
    - Flutter
  - MLImage (1.0.0-beta5)
  - MLKitBarcodeScanning (5.0.0):
    - MLKitCommon (~> 11.0)
    - MLKitVision (~> 7.0)
  - MLKitCommon (11.0.0):
    - GoogleDataTransport (< 10.0, >= 9.4.1)
    - GoogleToolboxForMac/Logger (< 5.0, >= 4.2.1)
    - "GoogleToolboxForMac/NSData+zlib (< 5.0, >= 4.2.1)"
    - GoogleUtilities/UserDefaults (< 8.0, >= 7.13.0)
    - GoogleUtilitiesComponents (~> 1.0)
    - GTMSessionFetcher/Core (< 4.0, >= 3.3.2)
  - MLKitImageLabeling (5.0.0):
    - MLKitCommon (~> 11.0)
    - MLKitImageLabelingCommon (~> 7.0)
    - MLKitVision (~> 7.0)
    - MLKitVisionKit (~> 8.0)
  - MLKitImageLabelingCommon (7.0.0):
    - MLKitCommon (~> 11.0)
    - MLKitVision (~> 7.0)
  - MLKitImageLabelingCustom (5.0.0):
    - MLKitCommon (~> 11.0)
    - MLKitImageLabelingCommon (~> 7.0)
    - MLKitVision (~> 7.0)
    - MLKitVisionKit (~> 8.0)
  - MLKitObjectDetectionCommon (7.0.0):
    - MLKitCommon (~> 11.0)
    - MLKitVision (~> 7.0)
  - MLKitTextRecognition (4.0.0):
    - MLKitCommon (~> 11.0)
    - MLKitTextRecognitionCommon (= 3.0.0)
    - MLKitVision (~> 7.0)
  - MLKitTextRecognitionCommon (3.0.0):
    - MLKitCommon (~> 11.0)
    - MLKitVision (~> 7.0)
  - MLKitVision (7.0.0):
    - GoogleToolboxForMac/Logger (< 5.0, >= 4.2.1)
    - "GoogleToolboxForMac/NSData+zlib (< 5.0, >= 4.2.1)"
    - GTMSessionFetcher/Core (< 4.0, >= 3.3.2)
    - MLImage (= 1.0.0-beta5)
    - MLKitCommon (~> 11.0)
  - MLKitVisionKit (8.0.0):
    - MLKitCommon (~> 11.0)
    - MLKitImageLabelingCommon (~> 7.0)
    - MLKitObjectDetectionCommon (~> 7.0)
    - MLKitVision (~> 7.0)
  - mobile_scanner (5.1.1):
    - Flutter
    - GoogleMLKit/BarcodeScanning (~> 6.0.0)
  - nanopb (2.30910.0):
    - nanopb/decode (= 2.30910.0)
    - nanopb/encode (= 2.30910.0)
  - nanopb/decode (2.30910.0)
  - nanopb/encode (2.30910.0)
  - native_device_orientation (0.0.1):
    - Flutter
  - path_provider_foundation (0.0.1):
    - Flutter
    - FlutterMacOS
  - PromisesObjC (2.4.0)
  - qr_mobile_vision (0.0.1):
    - Flutter
    - GoogleMLKit/BarcodeScanning
  - shared_preferences_foundation (0.0.1):
    - Flutter
    - FlutterMacOS
  - sqflite (0.0.3):
    - Flutter
    - FlutterMacOS
  - Toast (4.1.1)
  - TOCropViewController (2.7.4)

DEPENDENCIES:
  - arkit_plugin (from `.symlinks/plugins/arkit_plugin/ios`)
  - camera_avfoundation (from `.symlinks/plugins/camera_avfoundation/ios`)
  - device_info_plus (from `.symlinks/plugins/device_info_plus/ios`)
  - Flutter (from `Flutter`)
  - fluttertoast (from `.symlinks/plugins/fluttertoast/ios`)
  - google_mlkit_barcode_scanning (from `.symlinks/plugins/google_mlkit_barcode_scanning/ios`)
  - google_mlkit_commons (from `.symlinks/plugins/google_mlkit_commons/ios`)
  - google_mlkit_document_scanner (from `.symlinks/plugins/google_mlkit_document_scanner/ios`)
  - google_mlkit_image_labeling (from `.symlinks/plugins/google_mlkit_image_labeling/ios`)
  - google_mlkit_text_recognition (from `.symlinks/plugins/google_mlkit_text_recognition/ios`)
  - image_cropper (from `.symlinks/plugins/image_cropper/ios`)
  - image_picker_ios (from `.symlinks/plugins/image_picker_ios/ios`)
  - mobile_scanner (from `.symlinks/plugins/mobile_scanner/ios`)
  - native_device_orientation (from `.symlinks/plugins/native_device_orientation/ios`)
  - path_provider_foundation (from `.symlinks/plugins/path_provider_foundation/darwin`)
  - qr_mobile_vision (from `.symlinks/plugins/qr_mobile_vision/ios`)
  - shared_preferences_foundation (from `.symlinks/plugins/shared_preferences_foundation/darwin`)
  - sqflite (from `.symlinks/plugins/sqflite/darwin`)

SPEC REPOS:
  trunk:
    - GLTFSceneKit
    - GoogleDataTransport
    - GoogleMLKit
    - GoogleToolboxForMac
    - GoogleUtilities
    - GoogleUtilitiesComponents
    - GTMSessionFetcher
    - MLImage
    - MLKitBarcodeScanning
    - MLKitCommon
    - MLKitImageLabeling
    - MLKitImageLabelingCommon
    - MLKitImageLabelingCustom
    - MLKitObjectDetectionCommon
    - MLKitTextRecognition
    - MLKitTextRecognitionCommon
    - MLKitVision
    - MLKitVisionKit
    - nanopb
    - PromisesObjC
    - Toast
    - TOCropViewController

EXTERNAL SOURCES:
  arkit_plugin:
    :path: ".symlinks/plugins/arkit_plugin/ios"
  camera_avfoundation:
    :path: ".symlinks/plugins/camera_avfoundation/ios"
  device_info_plus:
    :path: ".symlinks/plugins/device_info_plus/ios"
  Flutter:
    :path: Flutter
  fluttertoast:
    :path: ".symlinks/plugins/fluttertoast/ios"
  google_mlkit_barcode_scanning:
    :path: ".symlinks/plugins/google_mlkit_barcode_scanning/ios"
  google_mlkit_commons:
    :path: ".symlinks/plugins/google_mlkit_commons/ios"
  google_mlkit_document_scanner:
    :path: ".symlinks/plugins/google_mlkit_document_scanner/ios"
  google_mlkit_image_labeling:
    :path: ".symlinks/plugins/google_mlkit_image_labeling/ios"
  google_mlkit_text_recognition:
    :path: ".symlinks/plugins/google_mlkit_text_recognition/ios"
  image_cropper:
    :path: ".symlinks/plugins/image_cropper/ios"
  image_picker_ios:
    :path: ".symlinks/plugins/image_picker_ios/ios"
  mobile_scanner:
    :path: ".symlinks/plugins/mobile_scanner/ios"
  native_device_orientation:
    :path: ".symlinks/plugins/native_device_orientation/ios"
  path_provider_foundation:
    :path: ".symlinks/plugins/path_provider_foundation/darwin"
  qr_mobile_vision:
    :path: ".symlinks/plugins/qr_mobile_vision/ios"
  shared_preferences_foundation:
    :path: ".symlinks/plugins/shared_preferences_foundation/darwin"
  sqflite:
    :path: ".symlinks/plugins/sqflite/darwin"

SPEC CHECKSUMS:
  arkit_plugin: c08c4e6f334a922154c2caf2f6fadfaefb51c181
  camera_avfoundation: 759172d1a77ae7be0de08fc104cfb79738b8a59e
  device_info_plus: 97af1d7e84681a90d0693e63169a5d50e0839a0d
  Flutter: e0871f40cf51350855a761d2e70bf5af5b9b5de7
  fluttertoast: 9f2f8e81bb5ce18facb9748d7855bf5a756fe3db
  GLTFSceneKit: d1b437c514ba2aed5555afb0fddd64e030612d57
  google_mlkit_barcode_scanning: 383d0c2dd62d92b36c0b10c7e69cf98d3650dc40
  google_mlkit_commons: 96aaca445520311b84a2da013dedf3427fe4cc69
  google_mlkit_document_scanner: 5b889061c0b0967d83cb0c15c1b084776f509a00
  google_mlkit_image_labeling: 6e0b7cbdec78650a00cccefc95f1ee8e6168a58c
  google_mlkit_text_recognition: 393c2526da49aa6c9c883e6d69100f54af011e24
  GoogleDataTransport: 6c09b596d841063d76d4288cc2d2f42cc36e1e2a
  GoogleMLKit: 97ac7af399057e99182ee8edfa8249e3226a4065
  GoogleToolboxForMac: d1a2cbf009c453f4d6ded37c105e2f67a32206d8
  GoogleUtilities: ea963c370a38a8069cc5f7ba4ca849a60b6d7d15
  GoogleUtilitiesComponents: 679b2c881db3b615a2777504623df6122dd20afe
  GTMSessionFetcher: 8000756fc1c19d2e5697b90311f7832d2e33f6cd
  image_cropper: 2c150b3d63f4feaad31054d20381ddac0a460e63
  image_picker_ios: c560581cceedb403a6ff17f2f816d7fea1421fc1
  MLImage: 1824212150da33ef225fbd3dc49f184cf611046c
  MLKitBarcodeScanning: 10ca0845a6d15f2f6e911f682a1998b68b973e8b
  MLKitCommon: afec63980417d29ffbb4790529a1b0a2291699e1
  MLKitImageLabeling: c13caec3baa684553ec823d5dfbca3e3be8ce9a2
  MLKitImageLabelingCommon: fa802f14c3a321121409f6cbe1df89ba9cf1a00c
  MLKitImageLabelingCustom: 57b8782ddda60b3027a796efcc0c6970f9e2b78f
  MLKitObjectDetectionCommon: f3ca8581a0741be6ce609920367316571a280efa
  MLKitTextRecognition: c83c18ad25496f2077f6ec93c5940487ff2eb343
  MLKitTextRecognitionCommon: c0b3a63d529296a19bce1f8bc8a513644ed4d1f6
  MLKitVision: e858c5f125ecc288e4a31127928301eaba9ae0c1
  MLKitVisionKit: 6d2ea9741b262ec0fed2a5a3de521cfa671c6e83
  mobile_scanner: 8564358885a9253c43f822435b70f9345c87224f
  nanopb: 438bc412db1928dac798aa6fd75726007be04262
  native_device_orientation: 348b10c346a60ebbc62fb235a4fdb5d1b61a8f55
  path_provider_foundation: 2b6b4c569c0fb62ec74538f866245ac84301af46
  PromisesObjC: f5707f49cb48b9636751c5b2e7d227e43fba9f47
  qr_mobile_vision: de2dbc8122cf2e0d15af3d777f6969e2d65876f6
  shared_preferences_foundation: fcdcbc04712aee1108ac7fda236f363274528f78
  sqflite: 673a0e54cc04b7d6dba8d24fb8095b31c3a99eec
  Toast: 1f5ea13423a1e6674c4abdac5be53587ae481c4e
  TOCropViewController: 80b8985ad794298fb69d3341de183f33d1853654

PODFILE CHECKSUM: 56c9d2122463bc3c3e78d1c8ad7d908f43dba6a1

COCOAPODS: 1.15.2
